// !$*UTF8*$!
{
	archiveVersion = 1;
	classes = {
	};
	objectVersion = 51;
	objects = {

/* Begin PBXBuildFile section */
		037E13B326A06E3C004214C4 /* AppDelegate.swift in Sources */ = {isa = PBXBuildFile; fileRef = 037E13B226A06E3C004214C4 /* AppDelegate.swift */; };
		037E13B526A06E3C004214C4 /* SceneDelegate.swift in Sources */ = {isa = PBXBuildFile; fileRef = 037E13B426A06E3C004214C4 /* SceneDelegate.swift */; };
		037E13B726A06E3C004214C4 /* ViewController.swift in Sources */ = {isa = PBXBuildFile; fileRef = 037E13B626A06E3C004214C4 /* ViewController.swift */; };
		037E13BA26A06E3C004214C4 /* Main.storyboard in Resources */ = {isa = PBXBuildFile; fileRef = 037E13B826A06E3C004214C4 /* Main.storyboard */; };
		037E13BC26A06E3D004214C4 /* Assets.xcassets in Resources */ = {isa = PBXBuildFile; fileRef = 037E13BB26A06E3D004214C4 /* Assets.xcassets */; };
		037E13BF26A06E3D004214C4 /* LaunchScreen.storyboard in Resources */ = {isa = PBXBuildFile; fileRef = 037E13BD26A06E3D004214C4 /* LaunchScreen.storyboard */; };
		037E13C926A0714A004214C4 /* WeatherResult.swift in Sources */ = {isa = PBXBuildFile; fileRef = 037E13C826A0714A004214C4 /* WeatherResult.swift */; };
		037E13CC26A07262004214C4 /* URLRequest+Extensions.swift in Sources */ = {isa = PBXBuildFile; fileRef = 037E13CB26A07262004214C4 /* URLRequest+Extensions.swift */; };
		037E13CE26A0790F004214C4 /* URL+Extensions.swift in Sources */ = {isa = PBXBuildFile; fileRef = 037E13CD26A0790F004214C4 /* URL+Extensions.swift */; };
		CE864404DBC2302362F438A0 /* Pods_GoodWeather.framework in Frameworks */ = {isa = PBXBuildFile; fileRef = 158E75337494C3020E3DC9C2 /* Pods_GoodWeather.framework */; };
/* End PBXBuildFile section */

/* Begin PBXFileReference section */
		037E13AF26A06E3C004214C4 /* GoodWeather.app */ = {isa = PBXFileReference; explicitFileType = wrapper.application; includeInIndex = 0; path = GoodWeather.app; sourceTree = BUILT_PRODUCTS_DIR; };
		037E13B226A06E3C004214C4 /* AppDelegate.swift */ = {isa = PBXFileReference; lastKnownFileType = sourcecode.swift; path = AppDelegate.swift; sourceTree = "<group>"; };
		037E13B426A06E3C004214C4 /* SceneDelegate.swift */ = {isa = PBXFileReference; lastKnownFileType = sourcecode.swift; path = SceneDelegate.swift; sourceTree = "<group>"; };
		037E13B626A06E3C004214C4 /* ViewController.swift */ = {isa = PBXFileReference; lastKnownFileType = sourcecode.swift; path = ViewController.swift; sourceTree = "<group>"; };
		037E13B926A06E3C004214C4 /* Base */ = {isa = PBXFileReference; lastKnownFileType = file.storyboard; name = Base; path = Base.lproj/Main.storyboard; sourceTree = "<group>"; };
		037E13BB26A06E3D004214C4 /* Assets.xcassets */ = {isa = PBXFileReference; lastKnownFileType = folder.assetcatalog; path = Assets.xcassets; sourceTree = "<group>"; };
		037E13BE26A06E3D004214C4 /* Base */ = {isa = PBXFileReference; lastKnownFileType = file.storyboard; name = Base; path = Base.lproj/LaunchScreen.storyboard; sourceTree = "<group>"; };
		037E13C026A06E3D004214C4 /* Info.plist */ = {isa = PBXFileReference; lastKnownFileType = text.plist.xml; path = Info.plist; sourceTree = "<group>"; };
		037E13C826A0714A004214C4 /* WeatherResult.swift */ = {isa = PBXFileReference; lastKnownFileType = sourcecode.swift; path = WeatherResult.swift; sourceTree = "<group>"; };
		037E13CB26A07262004214C4 /* URLRequest+Extensions.swift */ = {isa = PBXFileReference; lastKnownFileType = sourcecode.swift; path = "URLRequest+Extensions.swift"; sourceTree = "<group>"; };
		037E13CD26A0790F004214C4 /* URL+Extensions.swift */ = {isa = PBXFileReference; lastKnownFileType = sourcecode.swift; path = "URL+Extensions.swift"; sourceTree = "<group>"; };
		158E75337494C3020E3DC9C2 /* Pods_GoodWeather.framework */ = {isa = PBXFileReference; explicitFileType = wrapper.framework; includeInIndex = 0; path = Pods_GoodWeather.framework; sourceTree = BUILT_PRODUCTS_DIR; };
		44B0E60F8504DBE10944BACC /* Pods-GoodWeather.debug.xcconfig */ = {isa = PBXFileReference; includeInIndex = 1; lastKnownFileType = text.xcconfig; name = "Pods-GoodWeather.debug.xcconfig"; path = "Target Support Files/Pods-GoodWeather/Pods-GoodWeather.debug.xcconfig"; sourceTree = "<group>"; };
		5EC92B93DE4A3DC5E6025293 /* Pods-GoodWeather.release.xcconfig */ = {isa = PBXFileReference; includeInIndex = 1; lastKnownFileType = text.xcconfig; name = "Pods-GoodWeather.release.xcconfig"; path = "Target Support Files/Pods-GoodWeather/Pods-GoodWeather.release.xcconfig"; sourceTree = "<group>"; };
/* End PBXFileReference section */

/* Begin PBXFrameworksBuildPhase section */
		037E13AC26A06E3C004214C4 /* Frameworks */ = {
			isa = PBXFrameworksBuildPhase;
			buildActionMask = 2147483647;
			files = (
				CE864404DBC2302362F438A0 /* Pods_GoodWeather.framework in Frameworks */,
			);
			runOnlyForDeploymentPostprocessing = 0;
		};
/* End PBXFrameworksBuildPhase section */

/* Begin PBXGroup section */
		037E13A626A06E3C004214C4 = {
			isa = PBXGroup;
			children = (
				037E13B126A06E3C004214C4 /* GoodWeather */,
				037E13B026A06E3C004214C4 /* Products */,
				6BF81F40FBD144B24D27826E /* Pods */,
				CCEFD06C9158053BC699E8BA /* Frameworks */,
			);
			sourceTree = "<group>";
		};
		037E13B026A06E3C004214C4 /* Products */ = {
			isa = PBXGroup;
			children = (
				037E13AF26A06E3C004214C4 /* GoodWeather.app */,
			);
			name = Products;
			sourceTree = "<group>";
		};
		037E13B126A06E3C004214C4 /* GoodWeather */ = {
			isa = PBXGroup;
			children = (
				037E13CA26A0724C004214C4 /* Extensions */,
				037E13C726A0710D004214C4 /* Models */,
				037E13B226A06E3C004214C4 /* AppDelegate.swift */,
				037E13B426A06E3C004214C4 /* SceneDelegate.swift */,
				037E13C626A07100004214C4 /* Controllers */,
				037E13B826A06E3C004214C4 /* Main.storyboard */,
				037E13BB26A06E3D004214C4 /* Assets.xcassets */,
				037E13BD26A06E3D004214C4 /* LaunchScreen.storyboard */,
				037E13C026A06E3D004214C4 /* Info.plist */,
			);
			path = GoodWeather;
			sourceTree = "<group>";
		};
		037E13C626A07100004214C4 /* Controllers */ = {
			isa = PBXGroup;
			children = (
				037E13B626A06E3C004214C4 /* ViewController.swift */,
			);
			path = Controllers;
			sourceTree = "<group>";
		};
		037E13C726A0710D004214C4 /* Models */ = {
			isa = PBXGroup;
			children = (
				037E13C826A0714A004214C4 /* WeatherResult.swift */,
			);
			path = Models;
			sourceTree = "<group>";
		};
		037E13CA26A0724C004214C4 /* Extensions */ = {
			isa = PBXGroup;
			children = (
				037E13CB26A07262004214C4 /* URLRequest+Extensions.swift */,
				037E13CD26A0790F004214C4 /* URL+Extensions.swift */,
			);
			path = Extensions;
			sourceTree = "<group>";
		};
		6BF81F40FBD144B24D27826E /* Pods */ = {
			isa = PBXGroup;
			children = (
				44B0E60F8504DBE10944BACC /* Pods-GoodWeather.debug.xcconfig */,
				5EC92B93DE4A3DC5E6025293 /* Pods-GoodWeather.release.xcconfig */,
			);
			path = Pods;
			sourceTree = "<group>";
		};
		CCEFD06C9158053BC699E8BA /* Frameworks */ = {
			isa = PBXGroup;
			children = (
				158E75337494C3020E3DC9C2 /* Pods_GoodWeather.framework */,
			);
			name = Frameworks;
			sourceTree = "<group>";
		};
/* End PBXGroup section */

/* Begin PBXNativeTarget section */
		037E13AE26A06E3C004214C4 /* GoodWeather */ = {
			isa = PBXNativeTarget;
			buildConfigurationList = 037E13C326A06E3D004214C4 /* Build configuration list for PBXNativeTarget "GoodWeather" */;
			buildPhases = (
				8715918AF98B8E42C8B98C9D /* [CP] Check Pods Manifest.lock */,
				037E13AB26A06E3C004214C4 /* Sources */,
				037E13AC26A06E3C004214C4 /* Frameworks */,
				037E13AD26A06E3C004214C4 /* Resources */,
				66FF03F11FA0ABFF42699671 /* [CP] Embed Pods Frameworks */,
			);
			buildRules = (
			);
			dependencies = (
			);
			name = GoodWeather;
			productName = GoodWeather;
			productReference = 037E13AF26A06E3C004214C4 /* GoodWeather.app */;
			productType = "com.apple.product-type.application";
		};
/* End PBXNativeTarget section */

/* Begin PBXProject section */
		037E13A726A06E3C004214C4 /* Project object */ = {
			isa = PBXProject;
			attributes = {
				LastSwiftUpdateCheck = 1250;
				LastUpgradeCheck = 1250;
				TargetAttributes = {
					037E13AE26A06E3C004214C4 = {
						CreatedOnToolsVersion = 12.5.1;
					};
				};
			};
			buildConfigurationList = 037E13AA26A06E3C004214C4 /* Build configuration list for PBXProject "GoodWeather" */;
			compatibilityVersion = "Xcode 9.3";
			developmentRegion = en;
			hasScannedForEncodings = 0;
			knownRegions = (
				en,
				Base,
			);
			mainGroup = 037E13A626A06E3C004214C4;
			productRefGroup = 037E13B026A06E3C004214C4 /* Products */;
			projectDirPath = "";
			projectRoot = "";
			targets = (
				037E13AE26A06E3C004214C4 /* GoodWeather */,
			);
		};
/* End PBXProject section */

/* Begin PBXResourcesBuildPhase section */
		037E13AD26A06E3C004214C4 /* Resources */ = {
			isa = PBXResourcesBuildPhase;
			buildActionMask = 2147483647;
			files = (
				037E13BF26A06E3D004214C4 /* LaunchScreen.storyboard in Resources */,
				037E13BC26A06E3D004214C4 /* Assets.xcassets in Resources */,
				037E13BA26A06E3C004214C4 /* Main.storyboard in Resources */,
			);
			runOnlyForDeploymentPostprocessing = 0;
		};
/* End PBXResourcesBuildPhase section */

/* Begin PBXShellScriptBuildPhase section */
		66FF03F11FA0ABFF42699671 /* [CP] Embed Pods Frameworks */ = {
			isa = PBXShellScriptBuildPhase;
			buildActionMask = 2147483647;
			files = (
			);
			inputFileListPaths = (
				"${PODS_ROOT}/Target Support Files/Pods-GoodWeather/Pods-GoodWeather-frameworks-${CONFIGURATION}-input-files.xcfilelist",
			);
			name = "[CP] Embed Pods Frameworks";
			outputFileListPaths = (
				"${PODS_ROOT}/Target Support Files/Pods-GoodWeather/Pods-GoodWeather-frameworks-${CONFIGURATION}-output-files.xcfilelist",
			);
			runOnlyForDeploymentPostprocessing = 0;
			shellPath = /bin/sh;
			shellScript = "\"${PODS_ROOT}/Target Support Files/Pods-GoodWeather/Pods-GoodWeather-frameworks.sh\"\n";
			showEnvVarsInLog = 0;
		};
		8715918AF98B8E42C8B98C9D /* [CP] Check Pods Manifest.lock */ = {
			isa = PBXShellScriptBuildPhase;
			buildActionMask = 2147483647;
			files = (
			);
			inputFileListPaths = (
			);
			inputPaths = (
				"${PODS_PODFILE_DIR_PATH}/Podfile.lock",
				"${PODS_ROOT}/Manifest.lock",
			);
			name = "[CP] Check Pods Manifest.lock";
			outputFileListPaths = (
			);
			outputPaths = (
				"$(DERIVED_FILE_DIR)/Pods-GoodWeather-checkManifestLockResult.txt",
			);
			runOnlyForDeploymentPostprocessing = 0;
			shellPath = /bin/sh;
			shellScript = "diff \"${PODS_PODFILE_DIR_PATH}/Podfile.lock\" \"${PODS_ROOT}/Manifest.lock\" > /dev/null\nif [ $? != 0 ] ; then\n    # print error to STDERR\n    echo \"error: The sandbox is not in sync with the Podfile.lock. Run 'pod install' or update your CocoaPods installation.\" >&2\n    exit 1\nfi\n# This output is used by Xcode 'outputs' to avoid re-running this script phase.\necho \"SUCCESS\" > \"${SCRIPT_OUTPUT_FILE_0}\"\n";
			showEnvVarsInLog = 0;
		};
/* End PBXShellScriptBuildPhase section */

/* Begin PBXSourcesBuildPhase section */
		037E13AB26A06E3C004214C4 /* Sources */ = {
			isa = PBXSourcesBuildPhase;
			buildActionMask = 2147483647;
			files = (
				037E13B726A06E3C004214C4 /* ViewController.swift in Sources */,
				037E13CE26A0790F004214C4 /* URL+Extensions.swift in Sources */,
				037E13C926A0714A004214C4 /* WeatherResult.swift in Sources */,
				037E13B326A06E3C004214C4 /* AppDelegate.swift in Sources */,
				037E13CC26A07262004214C4 /* URLRequest+Extensions.swift in Sources */,
				037E13B526A06E3C004214C4 /* SceneDelegate.swift in Sources */,
			);
			runOnlyForDeploymentPostprocessing = 0;
		};
/* End PBXSourcesBuildPhase section */

/* Begin PBXVariantGroup section */
		037E13B826A06E3C004214C4 /* Main.storyboard */ = {
			isa = PBXVariantGroup;
			children = (
				037E13B926A06E3C004214C4 /* Base */,
			);
			name = Main.storyboard;
			sourceTree = "<group>";
		};
		037E13BD26A06E3D004214C4 /* LaunchScreen.storyboard */ = {
			isa = PBXVariantGroup;
			children = (
				037E13BE26A06E3D004214C4 /* Base */,
			);
			name = LaunchScreen.storyboard;
			sourceTree = "<group>";
		};
/* End PBXVariantGroup section */

/* Begin XCBuildConfiguration section */
		037E13C126A06E3D004214C4 /* Debug */ = {
			isa = XCBuildConfiguration;
			buildSettings = {
				ALWAYS_SEARCH_USER_PATHS = NO;
				CLANG_ANALYZER_NONNULL = YES;
				CLANG_ANALYZER_NUMBER_OBJECT_CONVERSION = YES_AGGRESSIVE;
				CLANG_CXX_LANGUAGE_STANDARD = "gnu++14";
				CLANG_CXX_LIBRARY = "libc++";
				CLANG_ENABLE_MODULES = YES;
				CLANG_ENABLE_OBJC_ARC = YES;
				CLANG_ENABLE_OBJC_WEAK = YES;
				CLANG_WARN_BLOCK_CAPTURE_AUTORELEASING = YES;
				CLANG_WARN_BOOL_CONVERSION = YES;
				CLANG_WARN_COMMA = YES;
				CLANG_WARN_CONSTANT_CONVERSION = YES;
				CLANG_WARN_DEPRECATED_OBJC_IMPLEMENTATIONS = YES;
				CLANG_WARN_DIRECT_OBJC_ISA_USAGE = YES_ERROR;
				CLANG_WARN_DOCUMENTATION_COMMENTS = YES;
				CLANG_WARN_EMPTY_BODY = YES;
				CLANG_WARN_ENUM_CONVERSION = YES;
				CLANG_WARN_INFINITE_RECURSION = YES;
				CLANG_WARN_INT_CONVERSION = YES;
				CLANG_WARN_NON_LITERAL_NULL_CONVERSION = YES;
				CLANG_WARN_OBJC_IMPLICIT_RETAIN_SELF = YES;
				CLANG_WARN_OBJC_LITERAL_CONVERSION = YES;
				CLANG_WARN_OBJC_ROOT_CLASS = YES_ERROR;
				CLANG_WARN_QUOTED_INCLUDE_IN_FRAMEWORK_HEADER = YES;
				CLANG_WARN_RANGE_LOOP_ANALYSIS = YES;
				CLANG_WARN_STRICT_PROTOTYPES = YES;
				CLANG_WARN_SUSPICIOUS_MOVE = YES;
				CLANG_WARN_UNGUARDED_AVAILABILITY = YES_AGGRESSIVE;
				CLANG_WARN_UNREACHABLE_CODE = YES;
				CLANG_WARN__DUPLICATE_METHOD_MATCH = YES;
				COPY_PHASE_STRIP = NO;
				DEBUG_INFORMATION_FORMAT = dwarf;
				ENABLE_STRICT_OBJC_MSGSEND = YES;
				ENABLE_TESTABILITY = YES;
				GCC_C_LANGUAGE_STANDARD = gnu11;
				GCC_DYNAMIC_NO_PIC = NO;
				GCC_NO_COMMON_BLOCKS = YES;
				GCC_OPTIMIZATION_LEVEL = 0;
				GCC_PREPROCESSOR_DEFINITIONS = (
					"DEBUG=1",
					"$(inherited)",
				);
				GCC_WARN_64_TO_32_BIT_CONVERSION = YES;
				GCC_WARN_ABOUT_RETURN_TYPE = YES_ERROR;
				GCC_WARN_UNDECLARED_SELECTOR = YES;
				GCC_WARN_UNINITIALIZED_AUTOS = YES_AGGRESSIVE;
				GCC_WARN_UNUSED_FUNCTION = YES;
				GCC_WARN_UNUSED_VARIABLE = YES;
				IPHONEOS_DEPLOYMENT_TARGET = 14.5;
				MTL_ENABLE_DEBUG_INFO = INCLUDE_SOURCE;
				MTL_FAST_MATH = YES;
				ONLY_ACTIVE_ARCH = YES;
				SDKROOT = iphoneos;
				SWIFT_ACTIVE_COMPILATION_CONDITIONS = DEBUG;
				SWIFT_OPTIMIZATION_LEVEL = "-Onone";
			};
			name = Debug;
		};
		037E13C226A06E3D004214C4 /* Release */ = {
			isa = XCBuildConfiguration;
			buildSettings = {
				ALWAYS_SEARCH_USER_PATHS = NO;
				CLANG_ANALYZER_NONNULL = YES;
				CLANG_ANALYZER_NUMBER_OBJECT_CONVERSION = YES_AGGRESSIVE;
				CLANG_CXX_LANGUAGE_STANDARD = "gnu++14";
				CLANG_CXX_LIBRARY = "libc++";
				CLANG_ENABLE_MODULES = YES;
				CLANG_ENABLE_OBJC_ARC = YES;
				CLANG_ENABLE_OBJC_WEAK = YES;
				CLANG_WARN_BLOCK_CAPTURE_AUTORELEASING = YES;
				CLANG_WARN_BOOL_CONVERSION = YES;
				CLANG_WARN_COMMA = YES;
				CLANG_WARN_CONSTANT_CONVERSION = YES;
				CLANG_WARN_DEPRECATED_OBJC_IMPLEMENTATIONS = YES;
				CLANG_WARN_DIRECT_OBJC_ISA_USAGE = YES_ERROR;
				CLANG_WARN_DOCUMENTATION_COMMENTS = YES;
				CLANG_WARN_EMPTY_BODY = YES;
				CLANG_WARN_ENUM_CONVERSION = YES;
				CLANG_WARN_INFINITE_RECURSION = YES;
				CLANG_WARN_INT_CONVERSION = YES;
				CLANG_WARN_NON_LITERAL_NULL_CONVERSION = YES;
				CLANG_WARN_OBJC_IMPLICIT_RETAIN_SELF = YES;
				CLANG_WARN_OBJC_LITERAL_CONVERSION = YES;
				CLANG_WARN_OBJC_ROOT_CLASS = YES_ERROR;
				CLANG_WARN_QUOTED_INCLUDE_IN_FRAMEWORK_HEADER = YES;
				CLANG_WARN_RANGE_LOOP_ANALYSIS = YES;
				CLANG_WARN_STRICT_PROTOTYPES = YES;
				CLANG_WARN_SUSPICIOUS_MOVE = YES;
				CLANG_WARN_UNGUARDED_AVAILABILITY = YES_AGGRESSIVE;
				CLANG_WARN_UNREACHABLE_CODE = YES;
				CLANG_WARN__DUPLICATE_METHOD_MATCH = YES;
				COPY_PHASE_STRIP = NO;
				DEBUG_INFORMATION_FORMAT = "dwarf-with-dsym";
				ENABLE_NS_ASSERTIONS = NO;
				ENABLE_STRICT_OBJC_MSGSEND = YES;
				GCC_C_LANGUAGE_STANDARD = gnu11;
				GCC_NO_COMMON_BLOCKS = YES;
				GCC_WARN_64_TO_32_BIT_CONVERSION = YES;
				GCC_WARN_ABOUT_RETURN_TYPE = YES_ERROR;
				GCC_WARN_UNDECLARED_SELECTOR = YES;
				GCC_WARN_UNINITIALIZED_AUTOS = YES_AGGRESSIVE;
				GCC_WARN_UNUSED_FUNCTION = YES;
				GCC_WARN_UNUSED_VARIABLE = YES;
				IPHONEOS_DEPLOYMENT_TARGET = 14.5;
				MTL_ENABLE_DEBUG_INFO = NO;
				MTL_FAST_MATH = YES;
				SDKROOT = iphoneos;
				SWIFT_COMPILATION_MODE = wholemodule;
				SWIFT_OPTIMIZATION_LEVEL = "-O";
				VALIDATE_PRODUCT = YES;
			};
			name = Release;
		};
		037E13C426A06E3D004214C4 /* Debug */ = {
			isa = XCBuildConfiguration;
			baseConfigurationReference = 44B0E60F8504DBE10944BACC /* Pods-GoodWeather.debug.xcconfig */;
			buildSettings = {
				ASSETCATALOG_COMPILER_APPICON_NAME = AppIcon;
				ASSETCATALOG_COMPILER_GLOBAL_ACCENT_COLOR_NAME = AccentColor;
				CODE_SIGN_STYLE = Automatic;
				DEVELOPMENT_TEAM = 9ZP865PY87;
				INFOPLIST_FILE = GoodWeather/Info.plist;
				LD_RUNPATH_SEARCH_PATHS = (
					"$(inherited)",
					"@executable_path/Frameworks",
				);
				PRODUCT_BUNDLE_IDENTIFIER = "Guilherme-Mendes.GoodWeather";
				PRODUCT_NAME = "$(TARGET_NAME)";
				SWIFT_VERSION = 5.0;
				TARGETED_DEVICE_FAMILY = "1,2";
			};
			name = Debug;
		};
		037E13C526A06E3D004214C4 /* Release */ = {
			isa = XCBuildConfiguration;
			baseConfigurationReference = 5EC92B93DE4A3DC5E6025293 /* Pods-GoodWeather.release.xcconfig */;
			buildSettings = {
				ASSETCATALOG_COMPILER_APPICON_NAME = AppIcon;
				ASSETCATALOG_COMPILER_GLOBAL_ACCENT_COLOR_NAME = AccentColor;
				CODE_SIGN_STYLE = Automatic;
				DEVELOPMENT_TEAM = 9ZP865PY87;
				INFOPLIST_FILE = GoodWeather/Info.plist;
				LD_RUNPATH_SEARCH_PATHS = (
					"$(inherited)",
					"@executable_path/Frameworks",
				);
				PRODUCT_BUNDLE_IDENTIFIER = "Guilherme-Mendes.GoodWeather";
				PRODUCT_NAME = "$(TARGET_NAME)";
				SWIFT_VERSION = 5.0;
				TARGETED_DEVICE_FAMILY = "1,2";
			};
			name = Release;
		};
/* End XCBuildConfiguration section */

/* Begin XCConfigurationList section */
		037E13AA26A06E3C004214C4 /* Build configuration list for PBXProject "GoodWeather" */ = {
			isa = XCConfigurationList;
			buildConfigurations = (
				037E13C126A06E3D004214C4 /* Debug */,
				037E13C226A06E3D004214C4 /* Release */,
			);
			defaultConfigurationIsVisible = 0;
			defaultConfigurationName = Release;
		};
		037E13C326A06E3D004214C4 /* Build configuration list for PBXNativeTarget "GoodWeather" */ = {
			isa = XCConfigurationList;
			buildConfigurations = (
				037E13C426A06E3D004214C4 /* Debug */,
				037E13C526A06E3D004214C4 /* Release */,
			);
			defaultConfigurationIsVisible = 0;
			defaultConfigurationName = Release;
		};
/* End XCConfigurationList section */
	};
	rootObject = 037E13A726A06E3C004214C4 /* Project object */;
}
