// !$*UTF8*$!
{
	archiveVersion = 1;
	classes = {
	};
	objectVersion = 50;
	objects = {

/* Begin PBXBuildFile section */
		D208C8AC2678C50500184E98 /* DetailView.swift in Sources */ = {isa = PBXBuildFile; fileRef = D208C8AB2678C50500184E98 /* DetailView.swift */; };
		D208C8AE2678C9FB00184E98 /* CreditsView.swift in Sources */ = {isa = PBXBuildFile; fileRef = D208C8AD2678C9FB00184E98 /* CreditsView.swift */; };
		D208C8B12678CAA700184E98 /* HeaderView.swift in Sources */ = {isa = PBXBuildFile; fileRef = D208C8B02678CAA700184E98 /* HeaderView.swift */; };
		D208C8B32678CDF500184E98 /* SettingsView.swift in Sources */ = {isa = PBXBuildFile; fileRef = D208C8B22678CDF500184E98 /* SettingsView.swift */; };
		D2BC332D2677E0EF0065E4D0 /* Notes WatchKit App.app in Embed Watch Content */ = {isa = PBXBuildFile; fileRef = D2BC332C2677E0EF0065E4D0 /* Notes WatchKit App.app */; settings = {ATTRIBUTES = (RemoveHeadersOnCopy, ); }; };
		D2BC33322677E0F10065E4D0 /* Assets.xcassets in Resources */ = {isa = PBXBuildFile; fileRef = D2BC33312677E0F10065E4D0 /* Assets.xcassets */; };
		D2BC33392677E0F20065E4D0 /* Notes WatchKit Extension.appex in Embed App Extensions */ = {isa = PBXBuildFile; fileRef = D2BC33382677E0F20065E4D0 /* Notes WatchKit Extension.appex */; settings = {ATTRIBUTES = (RemoveHeadersOnCopy, ); }; };
		D2BC333E2677E0F20065E4D0 /* ContentView.swift in Sources */ = {isa = PBXBuildFile; fileRef = D2BC333D2677E0F20065E4D0 /* ContentView.swift */; };
		D2BC33402677E0F20065E4D0 /* NotesApp.swift in Sources */ = {isa = PBXBuildFile; fileRef = D2BC333F2677E0F20065E4D0 /* NotesApp.swift */; };
		D2BC33422677E0F20065E4D0 /* ComplicationController.swift in Sources */ = {isa = PBXBuildFile; fileRef = D2BC33412677E0F20065E4D0 /* ComplicationController.swift */; };
		D2BC33442677E0F40065E4D0 /* Assets.xcassets in Resources */ = {isa = PBXBuildFile; fileRef = D2BC33432677E0F40065E4D0 /* Assets.xcassets */; };
		D2BC33472677E0F40065E4D0 /* Preview Assets.xcassets in Resources */ = {isa = PBXBuildFile; fileRef = D2BC33462677E0F40065E4D0 /* Preview Assets.xcassets */; };
		D2BC33592677EB830065E4D0 /* Note.swift in Sources */ = {isa = PBXBuildFile; fileRef = D2BC33582677EB830065E4D0 /* Note.swift */; };
/* End PBXBuildFile section */

/* Begin PBXContainerItemProxy section */
		D2BC332E2677E0EF0065E4D0 /* PBXContainerItemProxy */ = {
			isa = PBXContainerItemProxy;
			containerPortal = D2BC33222677E0EE0065E4D0 /* Project object */;
			proxyType = 1;
			remoteGlobalIDString = D2BC332B2677E0EF0065E4D0;
			remoteInfo = "Notes WatchKit App";
		};
		D2BC333A2677E0F20065E4D0 /* PBXContainerItemProxy */ = {
			isa = PBXContainerItemProxy;
			containerPortal = D2BC33222677E0EE0065E4D0 /* Project object */;
			proxyType = 1;
			remoteGlobalIDString = D2BC33372677E0F20065E4D0;
			remoteInfo = "Notes WatchKit Extension";
		};
/* End PBXContainerItemProxy section */

/* Begin PBXCopyFilesBuildPhase section */
		D2BC334E2677E0F40065E4D0 /* Embed App Extensions */ = {
			isa = PBXCopyFilesBuildPhase;
			buildActionMask = 2147483647;
			dstPath = "";
			dstSubfolderSpec = 13;
			files = (
				D2BC33392677E0F20065E4D0 /* Notes WatchKit Extension.appex in Embed App Extensions */,
			);
			name = "Embed App Extensions";
			runOnlyForDeploymentPostprocessing = 0;
		};
		D2BC33522677E0F40065E4D0 /* Embed Watch Content */ = {
			isa = PBXCopyFilesBuildPhase;
			buildActionMask = 2147483647;
			dstPath = "$(CONTENTS_FOLDER_PATH)/Watch";
			dstSubfolderSpec = 16;
			files = (
				D2BC332D2677E0EF0065E4D0 /* Notes WatchKit App.app in Embed Watch Content */,
			);
			name = "Embed Watch Content";
			runOnlyForDeploymentPostprocessing = 0;
		};
/* End PBXCopyFilesBuildPhase section */

/* Begin PBXFileReference section */
		D208C8AB2678C50500184E98 /* DetailView.swift */ = {isa = PBXFileReference; lastKnownFileType = sourcecode.swift; path = DetailView.swift; sourceTree = "<group>"; };
		D208C8AD2678C9FB00184E98 /* CreditsView.swift */ = {isa = PBXFileReference; lastKnownFileType = sourcecode.swift; path = CreditsView.swift; sourceTree = "<group>"; };
		D208C8B02678CAA700184E98 /* HeaderView.swift */ = {isa = PBXFileReference; lastKnownFileType = sourcecode.swift; path = HeaderView.swift; sourceTree = "<group>"; };
		D208C8B22678CDF500184E98 /* SettingsView.swift */ = {isa = PBXFileReference; lastKnownFileType = sourcecode.swift; path = SettingsView.swift; sourceTree = "<group>"; };
		D2BC33282677E0EE0065E4D0 /* Notes.app */ = {isa = PBXFileReference; explicitFileType = wrapper.application; includeInIndex = 0; path = Notes.app; sourceTree = BUILT_PRODUCTS_DIR; };
		D2BC332C2677E0EF0065E4D0 /* Notes WatchKit App.app */ = {isa = PBXFileReference; explicitFileType = wrapper.application; includeInIndex = 0; path = "Notes WatchKit App.app"; sourceTree = BUILT_PRODUCTS_DIR; };
		D2BC33312677E0F10065E4D0 /* Assets.xcassets */ = {isa = PBXFileReference; lastKnownFileType = folder.assetcatalog; path = Assets.xcassets; sourceTree = "<group>"; };
		D2BC33332677E0F10065E4D0 /* Info.plist */ = {isa = PBXFileReference; lastKnownFileType = text.plist.xml; path = Info.plist; sourceTree = "<group>"; };
		D2BC33382677E0F20065E4D0 /* Notes WatchKit Extension.appex */ = {isa = PBXFileReference; explicitFileType = "wrapper.app-extension"; includeInIndex = 0; path = "Notes WatchKit Extension.appex"; sourceTree = BUILT_PRODUCTS_DIR; };
		D2BC333D2677E0F20065E4D0 /* ContentView.swift */ = {isa = PBXFileReference; lastKnownFileType = sourcecode.swift; path = ContentView.swift; sourceTree = "<group>"; };
		D2BC333F2677E0F20065E4D0 /* NotesApp.swift */ = {isa = PBXFileReference; lastKnownFileType = sourcecode.swift; path = NotesApp.swift; sourceTree = "<group>"; };
		D2BC33412677E0F20065E4D0 /* ComplicationController.swift */ = {isa = PBXFileReference; lastKnownFileType = sourcecode.swift; path = ComplicationController.swift; sourceTree = "<group>"; };
		D2BC33432677E0F40065E4D0 /* Assets.xcassets */ = {isa = PBXFileReference; lastKnownFileType = folder.assetcatalog; path = Assets.xcassets; sourceTree = "<group>"; };
		D2BC33462677E0F40065E4D0 /* Preview Assets.xcassets */ = {isa = PBXFileReference; lastKnownFileType = folder.assetcatalog; path = "Preview Assets.xcassets"; sourceTree = "<group>"; };
		D2BC33482677E0F40065E4D0 /* Info.plist */ = {isa = PBXFileReference; lastKnownFileType = text.plist.xml; path = Info.plist; sourceTree = "<group>"; };
		D2BC33582677EB830065E4D0 /* Note.swift */ = {isa = PBXFileReference; lastKnownFileType = sourcecode.swift; path = Note.swift; sourceTree = "<group>"; };
/* End PBXFileReference section */

/* Begin PBXFrameworksBuildPhase section */
		D2BC33352677E0F20065E4D0 /* Frameworks */ = {
			isa = PBXFrameworksBuildPhase;
			buildActionMask = 2147483647;
			files = (
			);
			runOnlyForDeploymentPostprocessing = 0;
		};
/* End PBXFrameworksBuildPhase section */

/* Begin PBXGroup section */
		D208C8AF2678CA8700184E98 /* Component */ = {
			isa = PBXGroup;
			children = (
				D208C8B02678CAA700184E98 /* HeaderView.swift */,
			);
			path = Component;
			sourceTree = "<group>";
		};
		D2BC33212677E0EE0065E4D0 = {
			isa = PBXGroup;
			children = (
				D2BC33302677E0EF0065E4D0 /* Notes WatchKit App */,
				D2BC333C2677E0F20065E4D0 /* Notes WatchKit Extension */,
				D2BC33292677E0EE0065E4D0 /* Products */,
			);
			sourceTree = "<group>";
		};
		D2BC33292677E0EE0065E4D0 /* Products */ = {
			isa = PBXGroup;
			children = (
				D2BC33282677E0EE0065E4D0 /* Notes.app */,
				D2BC332C2677E0EF0065E4D0 /* Notes WatchKit App.app */,
				D2BC33382677E0F20065E4D0 /* Notes WatchKit Extension.appex */,
			);
			name = Products;
			sourceTree = "<group>";
		};
		D2BC33302677E0EF0065E4D0 /* Notes WatchKit App */ = {
			isa = PBXGroup;
			children = (
				D2BC33312677E0F10065E4D0 /* Assets.xcassets */,
				D2BC33332677E0F10065E4D0 /* Info.plist */,
			);
			path = "Notes WatchKit App";
			sourceTree = "<group>";
		};
		D2BC333C2677E0F20065E4D0 /* Notes WatchKit Extension */ = {
			isa = PBXGroup;
			children = (
				D208C8AF2678CA8700184E98 /* Component */,
				D2BC33572677EB640065E4D0 /* Model */,
				D2BC33562677EB580065E4D0 /* View */,
				D2BC333F2677E0F20065E4D0 /* NotesApp.swift */,
				D2BC33412677E0F20065E4D0 /* ComplicationController.swift */,
				D2BC33432677E0F40065E4D0 /* Assets.xcassets */,
				D2BC33482677E0F40065E4D0 /* Info.plist */,
				D2BC33452677E0F40065E4D0 /* Preview Content */,
			);
			path = "Notes WatchKit Extension";
			sourceTree = "<group>";
		};
		D2BC33452677E0F40065E4D0 /* Preview Content */ = {
			isa = PBXGroup;
			children = (
				D2BC33462677E0F40065E4D0 /* Preview Assets.xcassets */,
			);
			path = "Preview Content";
			sourceTree = "<group>";
		};
		D2BC33562677EB580065E4D0 /* View */ = {
			isa = PBXGroup;
			children = (
				D2BC333D2677E0F20065E4D0 /* ContentView.swift */,
				D208C8AB2678C50500184E98 /* DetailView.swift */,
				D208C8AD2678C9FB00184E98 /* CreditsView.swift */,
				D208C8B22678CDF500184E98 /* SettingsView.swift */,
			);
			path = View;
			sourceTree = "<group>";
		};
		D2BC33572677EB640065E4D0 /* Model */ = {
			isa = PBXGroup;
			children = (
				D2BC33582677EB830065E4D0 /* Note.swift */,
			);
			path = Model;
			sourceTree = "<group>";
		};
/* End PBXGroup section */

/* Begin PBXNativeTarget section */
		D2BC33272677E0EE0065E4D0 /* Notes */ = {
			isa = PBXNativeTarget;
			buildConfigurationList = D2BC33532677E0F40065E4D0 /* Build configuration list for PBXNativeTarget "Notes" */;
			buildPhases = (
				D2BC33262677E0EE0065E4D0 /* Resources */,
				D2BC33522677E0F40065E4D0 /* Embed Watch Content */,
			);
			buildRules = (
			);
			dependencies = (
				D2BC332F2677E0EF0065E4D0 /* PBXTargetDependency */,
			);
			name = Notes;
			productName = Notes;
			productReference = D2BC33282677E0EE0065E4D0 /* Notes.app */;
			productType = "com.apple.product-type.application.watchapp2-container";
		};
		D2BC332B2677E0EF0065E4D0 /* Notes WatchKit App */ = {
			isa = PBXNativeTarget;
			buildConfigurationList = D2BC334F2677E0F40065E4D0 /* Build configuration list for PBXNativeTarget "Notes WatchKit App" */;
			buildPhases = (
				D2BC332A2677E0EF0065E4D0 /* Resources */,
				D2BC334E2677E0F40065E4D0 /* Embed App Extensions */,
			);
			buildRules = (
			);
			dependencies = (
				D2BC333B2677E0F20065E4D0 /* PBXTargetDependency */,
			);
			name = "Notes WatchKit App";
			productName = "Notes WatchKit App";
			productReference = D2BC332C2677E0EF0065E4D0 /* Notes WatchKit App.app */;
			productType = "com.apple.product-type.application.watchapp2";
		};
		D2BC33372677E0F20065E4D0 /* Notes WatchKit Extension */ = {
			isa = PBXNativeTarget;
			buildConfigurationList = D2BC334B2677E0F40065E4D0 /* Build configuration list for PBXNativeTarget "Notes WatchKit Extension" */;
			buildPhases = (
				D2BC33342677E0F20065E4D0 /* Sources */,
				D2BC33352677E0F20065E4D0 /* Frameworks */,
				D2BC33362677E0F20065E4D0 /* Resources */,
			);
			buildRules = (
			);
			dependencies = (
			);
			name = "Notes WatchKit Extension";
			productName = "Notes WatchKit Extension";
			productReference = D2BC33382677E0F20065E4D0 /* Notes WatchKit Extension.appex */;
			productType = "com.apple.product-type.watchkit2-extension";
		};
/* End PBXNativeTarget section */

/* Begin PBXProject section */
		D2BC33222677E0EE0065E4D0 /* Project object */ = {
			isa = PBXProject;
			attributes = {
				LastSwiftUpdateCheck = 1250;
				LastUpgradeCheck = 1250;
				TargetAttributes = {
					D2BC33272677E0EE0065E4D0 = {
						CreatedOnToolsVersion = 12.5;
					};
					D2BC332B2677E0EF0065E4D0 = {
						CreatedOnToolsVersion = 12.5;
					};
					D2BC33372677E0F20065E4D0 = {
						CreatedOnToolsVersion = 12.5;
					};
				};
			};
			buildConfigurationList = D2BC33252677E0EE0065E4D0 /* Build configuration list for PBXProject "Notes" */;
			compatibilityVersion = "Xcode 9.3";
			developmentRegion = en;
			hasScannedForEncodings = 0;
			knownRegions = (
				en,
				Base,
			);
			mainGroup = D2BC33212677E0EE0065E4D0;
			productRefGroup = D2BC33292677E0EE0065E4D0 /* Products */;
			projectDirPath = "";
			projectRoot = "";
			targets = (
				D2BC33272677E0EE0065E4D0 /* Notes */,
				D2BC332B2677E0EF0065E4D0 /* Notes WatchKit App */,
				D2BC33372677E0F20065E4D0 /* Notes WatchKit Extension */,
			);
		};
/* End PBXProject section */

/* Begin PBXResourcesBuildPhase section */
		D2BC33262677E0EE0065E4D0 /* Resources */ = {
			isa = PBXResourcesBuildPhase;
			buildActionMask = 2147483647;
			files = (
			);
			runOnlyForDeploymentPostprocessing = 0;
		};
		D2BC332A2677E0EF0065E4D0 /* Resources */ = {
			isa = PBXResourcesBuildPhase;
			buildActionMask = 2147483647;
			files = (
				D2BC33322677E0F10065E4D0 /* Assets.xcassets in Resources */,
			);
			runOnlyForDeploymentPostprocessing = 0;
		};
		D2BC33362677E0F20065E4D0 /* Resources */ = {
			isa = PBXResourcesBuildPhase;
			buildActionMask = 2147483647;
			files = (
				D2BC33472677E0F40065E4D0 /* Preview Assets.xcassets in Resources */,
				D2BC33442677E0F40065E4D0 /* Assets.xcassets in Resources */,
			);
			runOnlyForDeploymentPostprocessing = 0;
		};
/* End PBXResourcesBuildPhase section */

/* Begin PBXSourcesBuildPhase section */
		D2BC33342677E0F20065E4D0 /* Sources */ = {
			isa = PBXSourcesBuildPhase;
			buildActionMask = 2147483647;
			files = (
				D2BC333E2677E0F20065E4D0 /* ContentView.swift in Sources */,
				D208C8B32678CDF500184E98 /* SettingsView.swift in Sources */,
				D2BC33402677E0F20065E4D0 /* NotesApp.swift in Sources */,
				D2BC33422677E0F20065E4D0 /* ComplicationController.swift in Sources */,
				D208C8AE2678C9FB00184E98 /* CreditsView.swift in Sources */,
				D208C8AC2678C50500184E98 /* DetailView.swift in Sources */,
				D2BC33592677EB830065E4D0 /* Note.swift in Sources */,
				D208C8B12678CAA700184E98 /* HeaderView.swift in Sources */,
			);
			runOnlyForDeploymentPostprocessing = 0;
		};
/* End PBXSourcesBuildPhase section */

/* Begin PBXTargetDependency section */
		D2BC332F2677E0EF0065E4D0 /* PBXTargetDependency */ = {
			isa = PBXTargetDependency;
			target = D2BC332B2677E0EF0065E4D0 /* Notes WatchKit App */;
			targetProxy = D2BC332E2677E0EF0065E4D0 /* PBXContainerItemProxy */;
		};
		D2BC333B2677E0F20065E4D0 /* PBXTargetDependency */ = {
			isa = PBXTargetDependency;
			target = D2BC33372677E0F20065E4D0 /* Notes WatchKit Extension */;
			targetProxy = D2BC333A2677E0F20065E4D0 /* PBXContainerItemProxy */;
		};
/* End PBXTargetDependency section */

/* Begin XCBuildConfiguration section */
		D2BC33492677E0F40065E4D0 /* Debug */ = {
			isa = XCBuildConfiguration;
			buildSettings = {
				ALWAYS_SEARCH_USER_PATHS = NO;
				CLANG_ANALYZER_NONNULL = YES;
				CLANG_ANALYZER_NUMBER_OBJECT_CONVERSION = YES_AGGRESSIVE;
				CLANG_CXX_LANGUAGE_STANDARD = "gnu++14";
				CLANG_CXX_LIBRARY = "libc++";
				CLANG_ENABLE_MODULES = YES;
				CLANG_ENABLE_OBJC_ARC = YES;
				CLANG_ENABLE_OBJC_WEAK = YES;
				CLANG_WARN_BLOCK_CAPTURE_AUTORELEASING = YES;
				CLANG_WARN_BOOL_CONVERSION = YES;
				CLANG_WARN_COMMA = YES;
				CLANG_WARN_CONSTANT_CONVERSION = YES;
				CLANG_WARN_DEPRECATED_OBJC_IMPLEMENTATIONS = YES;
				CLANG_WARN_DIRECT_OBJC_ISA_USAGE = YES_ERROR;
				CLANG_WARN_DOCUMENTATION_COMMENTS = YES;
				CLANG_WARN_EMPTY_BODY = YES;
				CLANG_WARN_ENUM_CONVERSION = YES;
				CLANG_WARN_INFINITE_RECURSION = YES;
				CLANG_WARN_INT_CONVERSION = YES;
				CLANG_WARN_NON_LITERAL_NULL_CONVERSION = YES;
				CLANG_WARN_OBJC_IMPLICIT_RETAIN_SELF = YES;
				CLANG_WARN_OBJC_LITERAL_CONVERSION = YES;
				CLANG_WARN_OBJC_ROOT_CLASS = YES_ERROR;
				CLANG_WARN_QUOTED_INCLUDE_IN_FRAMEWORK_HEADER = YES;
				CLANG_WARN_RANGE_LOOP_ANALYSIS = YES;
				CLANG_WARN_STRICT_PROTOTYPES = YES;
				CLANG_WARN_SUSPICIOUS_MOVE = YES;
				CLANG_WARN_UNGUARDED_AVAILABILITY = YES_AGGRESSIVE;
				CLANG_WARN_UNREACHABLE_CODE = YES;
				CLANG_WARN__DUPLICATE_METHOD_MATCH = YES;
				COPY_PHASE_STRIP = NO;
				DEBUG_INFORMATION_FORMAT = dwarf;
				ENABLE_STRICT_OBJC_MSGSEND = YES;
				ENABLE_TESTABILITY = YES;
				GCC_C_LANGUAGE_STANDARD = gnu11;
				GCC_DYNAMIC_NO_PIC = NO;
				GCC_NO_COMMON_BLOCKS = YES;
				GCC_OPTIMIZATION_LEVEL = 0;
				GCC_PREPROCESSOR_DEFINITIONS = (
					"DEBUG=1",
					"$(inherited)",
				);
				GCC_WARN_64_TO_32_BIT_CONVERSION = YES;
				GCC_WARN_ABOUT_RETURN_TYPE = YES_ERROR;
				GCC_WARN_UNDECLARED_SELECTOR = YES;
				GCC_WARN_UNINITIALIZED_AUTOS = YES_AGGRESSIVE;
				GCC_WARN_UNUSED_FUNCTION = YES;
				GCC_WARN_UNUSED_VARIABLE = YES;
				MTL_ENABLE_DEBUG_INFO = INCLUDE_SOURCE;
				MTL_FAST_MATH = YES;
				ONLY_ACTIVE_ARCH = YES;
				SDKROOT = iphoneos;
				SWIFT_ACTIVE_COMPILATION_CONDITIONS = DEBUG;
				SWIFT_OPTIMIZATION_LEVEL = "-Onone";
			};
			name = Debug;
		};
		D2BC334A2677E0F40065E4D0 /* Release */ = {
			isa = XCBuildConfiguration;
			buildSettings = {
				ALWAYS_SEARCH_USER_PATHS = NO;
				CLANG_ANALYZER_NONNULL = YES;
				CLANG_ANALYZER_NUMBER_OBJECT_CONVERSION = YES_AGGRESSIVE;
				CLANG_CXX_LANGUAGE_STANDARD = "gnu++14";
				CLANG_CXX_LIBRARY = "libc++";
				CLANG_ENABLE_MODULES = YES;
				CLANG_ENABLE_OBJC_ARC = YES;
				CLANG_ENABLE_OBJC_WEAK = YES;
				CLANG_WARN_BLOCK_CAPTURE_AUTORELEASING = YES;
				CLANG_WARN_BOOL_CONVERSION = YES;
				CLANG_WARN_COMMA = YES;
				CLANG_WARN_CONSTANT_CONVERSION = YES;
				CLANG_WARN_DEPRECATED_OBJC_IMPLEMENTATIONS = YES;
				CLANG_WARN_DIRECT_OBJC_ISA_USAGE = YES_ERROR;
				CLANG_WARN_DOCUMENTATION_COMMENTS = YES;
				CLANG_WARN_EMPTY_BODY = YES;
				CLANG_WARN_ENUM_CONVERSION = YES;
				CLANG_WARN_INFINITE_RECURSION = YES;
				CLANG_WARN_INT_CONVERSION = YES;
				CLANG_WARN_NON_LITERAL_NULL_CONVERSION = YES;
				CLANG_WARN_OBJC_IMPLICIT_RETAIN_SELF = YES;
				CLANG_WARN_OBJC_LITERAL_CONVERSION = YES;
				CLANG_WARN_OBJC_ROOT_CLASS = YES_ERROR;
				CLANG_WARN_QUOTED_INCLUDE_IN_FRAMEWORK_HEADER = YES;
				CLANG_WARN_RANGE_LOOP_ANALYSIS = YES;
				CLANG_WARN_STRICT_PROTOTYPES = YES;
				CLANG_WARN_SUSPICIOUS_MOVE = YES;
				CLANG_WARN_UNGUARDED_AVAILABILITY = YES_AGGRESSIVE;
				CLANG_WARN_UNREACHABLE_CODE = YES;
				CLANG_WARN__DUPLICATE_METHOD_MATCH = YES;
				COPY_PHASE_STRIP = NO;
				DEBUG_INFORMATION_FORMAT = "dwarf-with-dsym";
				ENABLE_NS_ASSERTIONS = NO;
				ENABLE_STRICT_OBJC_MSGSEND = YES;
				GCC_C_LANGUAGE_STANDARD = gnu11;
				GCC_NO_COMMON_BLOCKS = YES;
				GCC_WARN_64_TO_32_BIT_CONVERSION = YES;
				GCC_WARN_ABOUT_RETURN_TYPE = YES_ERROR;
				GCC_WARN_UNDECLARED_SELECTOR = YES;
				GCC_WARN_UNINITIALIZED_AUTOS = YES_AGGRESSIVE;
				GCC_WARN_UNUSED_FUNCTION = YES;
				GCC_WARN_UNUSED_VARIABLE = YES;
				MTL_ENABLE_DEBUG_INFO = NO;
				MTL_FAST_MATH = YES;
				SDKROOT = iphoneos;
				SWIFT_COMPILATION_MODE = wholemodule;
				SWIFT_OPTIMIZATION_LEVEL = "-O";
				VALIDATE_PRODUCT = YES;
			};
			name = Release;
		};
		D2BC334C2677E0F40065E4D0 /* Debug */ = {
			isa = XCBuildConfiguration;
			buildSettings = {
				ASSETCATALOG_COMPILER_COMPLICATION_NAME = Complication;
				CODE_SIGN_STYLE = Automatic;
				DEVELOPMENT_ASSET_PATHS = "\"Notes WatchKit Extension/Preview Content\"";
				DEVELOPMENT_TEAM = 9ZP865PY87;
				ENABLE_PREVIEWS = YES;
				INFOPLIST_FILE = "Notes WatchKit Extension/Info.plist";
				LD_RUNPATH_SEARCH_PATHS = (
					"$(inherited)",
					"@executable_path/Frameworks",
					"@executable_path/../../Frameworks",
				);
				PRODUCT_BUNDLE_IDENTIFIER = "Guilherme-Mendes.Notes.watchkitapp.watchkitextension";
				PRODUCT_NAME = "${TARGET_NAME}";
				SDKROOT = watchos;
				SKIP_INSTALL = YES;
				SWIFT_VERSION = 5.0;
				TARGETED_DEVICE_FAMILY = 4;
				WATCHOS_DEPLOYMENT_TARGET = 7.4;
			};
			name = Debug;
		};
		D2BC334D2677E0F40065E4D0 /* Release */ = {
			isa = XCBuildConfiguration;
			buildSettings = {
				ASSETCATALOG_COMPILER_COMPLICATION_NAME = Complication;
				CODE_SIGN_STYLE = Automatic;
				DEVELOPMENT_ASSET_PATHS = "\"Notes WatchKit Extension/Preview Content\"";
				DEVELOPMENT_TEAM = 9ZP865PY87;
				ENABLE_PREVIEWS = YES;
				INFOPLIST_FILE = "Notes WatchKit Extension/Info.plist";
				LD_RUNPATH_SEARCH_PATHS = (
					"$(inherited)",
					"@executable_path/Frameworks",
					"@executable_path/../../Frameworks",
				);
				PRODUCT_BUNDLE_IDENTIFIER = "Guilherme-Mendes.Notes.watchkitapp.watchkitextension";
				PRODUCT_NAME = "${TARGET_NAME}";
				SDKROOT = watchos;
				SKIP_INSTALL = YES;
				SWIFT_VERSION = 5.0;
				TARGETED_DEVICE_FAMILY = 4;
				WATCHOS_DEPLOYMENT_TARGET = 7.4;
			};
			name = Release;
		};
		D2BC33502677E0F40065E4D0 /* Debug */ = {
			isa = XCBuildConfiguration;
			buildSettings = {
				ALWAYS_EMBED_SWIFT_STANDARD_LIBRARIES = YES;
				ASSETCATALOG_COMPILER_APPICON_NAME = AppIcon;
				ASSETCATALOG_COMPILER_GLOBAL_ACCENT_COLOR_NAME = AccentColor;
				CODE_SIGN_STYLE = Automatic;
				DEVELOPMENT_TEAM = 9ZP865PY87;
				IBSC_MODULE = Notes_WatchKit_Extension;
				INFOPLIST_FILE = "Notes WatchKit App/Info.plist";
				PRODUCT_BUNDLE_IDENTIFIER = "Guilherme-Mendes.Notes.watchkitapp";
				PRODUCT_NAME = "$(TARGET_NAME)";
				SDKROOT = watchos;
				SKIP_INSTALL = YES;
				SWIFT_VERSION = 5.0;
				TARGETED_DEVICE_FAMILY = 4;
				WATCHOS_DEPLOYMENT_TARGET = 7.4;
			};
			name = Debug;
		};
		D2BC33512677E0F40065E4D0 /* Release */ = {
			isa = XCBuildConfiguration;
			buildSettings = {
				ALWAYS_EMBED_SWIFT_STANDARD_LIBRARIES = YES;
				ASSETCATALOG_COMPILER_APPICON_NAME = AppIcon;
				ASSETCATALOG_COMPILER_GLOBAL_ACCENT_COLOR_NAME = AccentColor;
				CODE_SIGN_STYLE = Automatic;
				DEVELOPMENT_TEAM = 9ZP865PY87;
				IBSC_MODULE = Notes_WatchKit_Extension;
				INFOPLIST_FILE = "Notes WatchKit App/Info.plist";
				PRODUCT_BUNDLE_IDENTIFIER = "Guilherme-Mendes.Notes.watchkitapp";
				PRODUCT_NAME = "$(TARGET_NAME)";
				SDKROOT = watchos;
				SKIP_INSTALL = YES;
				SWIFT_VERSION = 5.0;
				TARGETED_DEVICE_FAMILY = 4;
				WATCHOS_DEPLOYMENT_TARGET = 7.4;
			};
			name = Release;
		};
		D2BC33542677E0F40065E4D0 /* Debug */ = {
			isa = XCBuildConfiguration;
			buildSettings = {
				CODE_SIGN_STYLE = Automatic;
				CURRENT_PROJECT_VERSION = 1;
				DEVELOPMENT_TEAM = 9ZP865PY87;
				MARKETING_VERSION = 1.0;
				PRODUCT_BUNDLE_IDENTIFIER = "Guilherme-Mendes.Notes";
				PRODUCT_NAME = "$(TARGET_NAME)";
				SWIFT_VERSION = 5.0;
			};
			name = Debug;
		};
		D2BC33552677E0F40065E4D0 /* Release */ = {
			isa = XCBuildConfiguration;
			buildSettings = {
				CODE_SIGN_STYLE = Automatic;
				CURRENT_PROJECT_VERSION = 1;
				DEVELOPMENT_TEAM = 9ZP865PY87;
				MARKETING_VERSION = 1.0;
				PRODUCT_BUNDLE_IDENTIFIER = "Guilherme-Mendes.Notes";
				PRODUCT_NAME = "$(TARGET_NAME)";
				SWIFT_VERSION = 5.0;
			};
			name = Release;
		};
/* End XCBuildConfiguration section */

/* Begin XCConfigurationList section */
		D2BC33252677E0EE0065E4D0 /* Build configuration list for PBXProject "Notes" */ = {
			isa = XCConfigurationList;
			buildConfigurations = (
				D2BC33492677E0F40065E4D0 /* Debug */,
				D2BC334A2677E0F40065E4D0 /* Release */,
			);
			defaultConfigurationIsVisible = 0;
			defaultConfigurationName = Release;
		};
		D2BC334B2677E0F40065E4D0 /* Build configuration list for PBXNativeTarget "Notes WatchKit Extension" */ = {
			isa = XCConfigurationList;
			buildConfigurations = (
				D2BC334C2677E0F40065E4D0 /* Debug */,
				D2BC334D2677E0F40065E4D0 /* Release */,
			);
			defaultConfigurationIsVisible = 0;
			defaultConfigurationName = Release;
		};
		D2BC334F2677E0F40065E4D0 /* Build configuration list for PBXNativeTarget "Notes WatchKit App" */ = {
			isa = XCConfigurationList;
			buildConfigurations = (
				D2BC33502677E0F40065E4D0 /* Debug */,
				D2BC33512677E0F40065E4D0 /* Release */,
			);
			defaultConfigurationIsVisible = 0;
			defaultConfigurationName = Release;
		};
		D2BC33532677E0F40065E4D0 /* Build configuration list for PBXNativeTarget "Notes" */ = {
			isa = XCConfigurationList;
			buildConfigurations = (
				D2BC33542677E0F40065E4D0 /* Debug */,
				D2BC33552677E0F40065E4D0 /* Release */,
			);
			defaultConfigurationIsVisible = 0;
			defaultConfigurationName = Release;
		};
/* End XCConfigurationList section */
	};
	rootObject = D2BC33222677E0EE0065E4D0 /* Project object */;
}
