// !$*UTF8*$!
{
	archiveVersion = 1;
	classes = {
	};
	objectVersion = 50;
	objects = {

/* Begin PBXBuildFile section */
		035F457226A74514003012D8 /* AppDelegate.swift in Sources */ = {isa = PBXBuildFile; fileRef = 035F457126A74514003012D8 /* AppDelegate.swift */; };
		035F457426A74514003012D8 /* SceneDelegate.swift in Sources */ = {isa = PBXBuildFile; fileRef = 035F457326A74514003012D8 /* SceneDelegate.swift */; };
		035F457826A74515003012D8 /* Assets.xcassets in Resources */ = {isa = PBXBuildFile; fileRef = 035F457726A74515003012D8 /* Assets.xcassets */; };
		035F457B26A74515003012D8 /* Preview Assets.xcassets in Resources */ = {isa = PBXBuildFile; fileRef = 035F457A26A74515003012D8 /* Preview Assets.xcassets */; };
		035F457E26A74515003012D8 /* LaunchScreen.storyboard in Resources */ = {isa = PBXBuildFile; fileRef = 035F457C26A74515003012D8 /* LaunchScreen.storyboard */; };
		035F458726A74532003012D8 /* Webservice.swift in Sources */ = {isa = PBXBuildFile; fileRef = 035F458626A74532003012D8 /* Webservice.swift */; };
		035F458A26A7471E003012D8 /* StoryListViewModel.swift in Sources */ = {isa = PBXBuildFile; fileRef = 035F458926A7471E003012D8 /* StoryListViewModel.swift */; };
		035F458C26A74841003012D8 /* StoryListView.swift in Sources */ = {isa = PBXBuildFile; fileRef = 035F458B26A74841003012D8 /* StoryListView.swift */; };
		035F459026A75275003012D8 /* Story.swift in Sources */ = {isa = PBXBuildFile; fileRef = 035F458F26A75275003012D8 /* Story.swift */; };
		035F459226A75645003012D8 /* StoryDetailViewModel.swift in Sources */ = {isa = PBXBuildFile; fileRef = 035F459126A75645003012D8 /* StoryDetailViewModel.swift */; };
		035F459426A75793003012D8 /* StoryDetailView.swift in Sources */ = {isa = PBXBuildFile; fileRef = 035F459326A75793003012D8 /* StoryDetailView.swift */; };
		035F459626A75C69003012D8 /* WebView.swift in Sources */ = {isa = PBXBuildFile; fileRef = 035F459526A75C69003012D8 /* WebView.swift */; };
		035F459926A76194003012D8 /* WKWebView+Extensions.swift in Sources */ = {isa = PBXBuildFile; fileRef = 035F459826A76194003012D8 /* WKWebView+Extensions.swift */; };
/* End PBXBuildFile section */

/* Begin PBXFileReference section */
		035F456E26A74514003012D8 /* HackerNews.app */ = {isa = PBXFileReference; explicitFileType = wrapper.application; includeInIndex = 0; path = HackerNews.app; sourceTree = BUILT_PRODUCTS_DIR; };
		035F457126A74514003012D8 /* AppDelegate.swift */ = {isa = PBXFileReference; lastKnownFileType = sourcecode.swift; path = AppDelegate.swift; sourceTree = "<group>"; };
		035F457326A74514003012D8 /* SceneDelegate.swift */ = {isa = PBXFileReference; lastKnownFileType = sourcecode.swift; path = SceneDelegate.swift; sourceTree = "<group>"; };
		035F457726A74515003012D8 /* Assets.xcassets */ = {isa = PBXFileReference; lastKnownFileType = folder.assetcatalog; path = Assets.xcassets; sourceTree = "<group>"; };
		035F457A26A74515003012D8 /* Preview Assets.xcassets */ = {isa = PBXFileReference; lastKnownFileType = folder.assetcatalog; path = "Preview Assets.xcassets"; sourceTree = "<group>"; };
		035F457D26A74515003012D8 /* Base */ = {isa = PBXFileReference; lastKnownFileType = file.storyboard; name = Base; path = Base.lproj/LaunchScreen.storyboard; sourceTree = "<group>"; };
		035F457F26A74515003012D8 /* Info.plist */ = {isa = PBXFileReference; lastKnownFileType = text.plist.xml; path = Info.plist; sourceTree = "<group>"; };
		035F458626A74532003012D8 /* Webservice.swift */ = {isa = PBXFileReference; lastKnownFileType = sourcecode.swift; path = Webservice.swift; sourceTree = "<group>"; };
		035F458926A7471E003012D8 /* StoryListViewModel.swift */ = {isa = PBXFileReference; lastKnownFileType = sourcecode.swift; path = StoryListViewModel.swift; sourceTree = "<group>"; };
		035F458B26A74841003012D8 /* StoryListView.swift */ = {isa = PBXFileReference; lastKnownFileType = sourcecode.swift; path = StoryListView.swift; sourceTree = "<group>"; };
		035F458F26A75275003012D8 /* Story.swift */ = {isa = PBXFileReference; lastKnownFileType = sourcecode.swift; path = Story.swift; sourceTree = "<group>"; };
		035F459126A75645003012D8 /* StoryDetailViewModel.swift */ = {isa = PBXFileReference; lastKnownFileType = sourcecode.swift; path = StoryDetailViewModel.swift; sourceTree = "<group>"; };
		035F459326A75793003012D8 /* StoryDetailView.swift */ = {isa = PBXFileReference; lastKnownFileType = sourcecode.swift; path = StoryDetailView.swift; sourceTree = "<group>"; };
		035F459526A75C69003012D8 /* WebView.swift */ = {isa = PBXFileReference; lastKnownFileType = sourcecode.swift; path = WebView.swift; sourceTree = "<group>"; };
		035F459826A76194003012D8 /* WKWebView+Extensions.swift */ = {isa = PBXFileReference; lastKnownFileType = sourcecode.swift; name = "WKWebView+Extensions.swift"; path = "../../../../../../WKWebView+Extensions.swift"; sourceTree = "<group>"; };
/* End PBXFileReference section */

/* Begin PBXFrameworksBuildPhase section */
		035F456B26A74514003012D8 /* Frameworks */ = {
			isa = PBXFrameworksBuildPhase;
			buildActionMask = 2147483647;
			files = (
			);
			runOnlyForDeploymentPostprocessing = 0;
		};
/* End PBXFrameworksBuildPhase section */

/* Begin PBXGroup section */
		035F456526A74514003012D8 = {
			isa = PBXGroup;
			children = (
				035F457026A74514003012D8 /* HackerNews */,
				035F456F26A74514003012D8 /* Products */,
			);
			sourceTree = "<group>";
		};
		035F456F26A74514003012D8 /* Products */ = {
			isa = PBXGroup;
			children = (
				035F456E26A74514003012D8 /* HackerNews.app */,
			);
			name = Products;
			sourceTree = "<group>";
		};
		035F457026A74514003012D8 /* HackerNews */ = {
			isa = PBXGroup;
			children = (
				035F459726A7617C003012D8 /* Extensions */,
				035F458E26A75269003012D8 /* Models */,
				035F458D26A74845003012D8 /* Views */,
				035F458826A74709003012D8 /* View Models */,
				035F458526A74523003012D8 /* Services */,
				035F457126A74514003012D8 /* AppDelegate.swift */,
				035F457326A74514003012D8 /* SceneDelegate.swift */,
				035F457726A74515003012D8 /* Assets.xcassets */,
				035F457C26A74515003012D8 /* LaunchScreen.storyboard */,
				035F457F26A74515003012D8 /* Info.plist */,
				035F457926A74515003012D8 /* Preview Content */,
			);
			path = HackerNews;
			sourceTree = "<group>";
		};
		035F457926A74515003012D8 /* Preview Content */ = {
			isa = PBXGroup;
			children = (
				035F457A26A74515003012D8 /* Preview Assets.xcassets */,
			);
			path = "Preview Content";
			sourceTree = "<group>";
		};
		035F458526A74523003012D8 /* Services */ = {
			isa = PBXGroup;
			children = (
				035F458626A74532003012D8 /* Webservice.swift */,
			);
			path = Services;
			sourceTree = "<group>";
		};
		035F458826A74709003012D8 /* View Models */ = {
			isa = PBXGroup;
			children = (
				035F458926A7471E003012D8 /* StoryListViewModel.swift */,
				035F459126A75645003012D8 /* StoryDetailViewModel.swift */,
			);
			path = "View Models";
			sourceTree = "<group>";
		};
		035F458D26A74845003012D8 /* Views */ = {
			isa = PBXGroup;
			children = (
				035F458B26A74841003012D8 /* StoryListView.swift */,
				035F459326A75793003012D8 /* StoryDetailView.swift */,
				035F459526A75C69003012D8 /* WebView.swift */,
			);
			path = Views;
			sourceTree = "<group>";
		};
		035F458E26A75269003012D8 /* Models */ = {
			isa = PBXGroup;
			children = (
				035F458F26A75275003012D8 /* Story.swift */,
			);
			path = Models;
			sourceTree = "<group>";
		};
		035F459726A7617C003012D8 /* Extensions */ = {
			isa = PBXGroup;
			children = (
				035F459826A76194003012D8 /* WKWebView+Extensions.swift */,
			);
			path = Extensions;
			sourceTree = "<group>";
		};
/* End PBXGroup section */

/* Begin PBXNativeTarget section */
		035F456D26A74514003012D8 /* HackerNews */ = {
			isa = PBXNativeTarget;
			buildConfigurationList = 035F458226A74515003012D8 /* Build configuration list for PBXNativeTarget "HackerNews" */;
			buildPhases = (
				035F456A26A74514003012D8 /* Sources */,
				035F456B26A74514003012D8 /* Frameworks */,
				035F456C26A74514003012D8 /* Resources */,
			);
			buildRules = (
			);
			dependencies = (
			);
			name = HackerNews;
			productName = HackerNews;
			productReference = 035F456E26A74514003012D8 /* HackerNews.app */;
			productType = "com.apple.product-type.application";
		};
/* End PBXNativeTarget section */

/* Begin PBXProject section */
		035F456626A74514003012D8 /* Project object */ = {
			isa = PBXProject;
			attributes = {
				LastSwiftUpdateCheck = 1250;
				LastUpgradeCheck = 1250;
				TargetAttributes = {
					035F456D26A74514003012D8 = {
						CreatedOnToolsVersion = 12.5.1;
					};
				};
			};
			buildConfigurationList = 035F456926A74514003012D8 /* Build configuration list for PBXProject "HackerNews" */;
			compatibilityVersion = "Xcode 9.3";
			developmentRegion = en;
			hasScannedForEncodings = 0;
			knownRegions = (
				en,
				Base,
			);
			mainGroup = 035F456526A74514003012D8;
			productRefGroup = 035F456F26A74514003012D8 /* Products */;
			projectDirPath = "";
			projectRoot = "";
			targets = (
				035F456D26A74514003012D8 /* HackerNews */,
			);
		};
/* End PBXProject section */

/* Begin PBXResourcesBuildPhase section */
		035F456C26A74514003012D8 /* Resources */ = {
			isa = PBXResourcesBuildPhase;
			buildActionMask = 2147483647;
			files = (
				035F457E26A74515003012D8 /* LaunchScreen.storyboard in Resources */,
				035F457B26A74515003012D8 /* Preview Assets.xcassets in Resources */,
				035F457826A74515003012D8 /* Assets.xcassets in Resources */,
			);
			runOnlyForDeploymentPostprocessing = 0;
		};
/* End PBXResourcesBuildPhase section */

/* Begin PBXSourcesBuildPhase section */
		035F456A26A74514003012D8 /* Sources */ = {
			isa = PBXSourcesBuildPhase;
			buildActionMask = 2147483647;
			files = (
				035F457226A74514003012D8 /* AppDelegate.swift in Sources */,
				035F459926A76194003012D8 /* WKWebView+Extensions.swift in Sources */,
				035F457426A74514003012D8 /* SceneDelegate.swift in Sources */,
				035F458C26A74841003012D8 /* StoryListView.swift in Sources */,
				035F459226A75645003012D8 /* StoryDetailViewModel.swift in Sources */,
				035F458A26A7471E003012D8 /* StoryListViewModel.swift in Sources */,
				035F458726A74532003012D8 /* Webservice.swift in Sources */,
				035F459626A75C69003012D8 /* WebView.swift in Sources */,
				035F459026A75275003012D8 /* Story.swift in Sources */,
				035F459426A75793003012D8 /* StoryDetailView.swift in Sources */,
			);
			runOnlyForDeploymentPostprocessing = 0;
		};
/* End PBXSourcesBuildPhase section */

/* Begin PBXVariantGroup section */
		035F457C26A74515003012D8 /* LaunchScreen.storyboard */ = {
			isa = PBXVariantGroup;
			children = (
				035F457D26A74515003012D8 /* Base */,
			);
			name = LaunchScreen.storyboard;
			sourceTree = "<group>";
		};
/* End PBXVariantGroup section */

/* Begin XCBuildConfiguration section */
		035F458026A74515003012D8 /* Debug */ = {
			isa = XCBuildConfiguration;
			buildSettings = {
				ALWAYS_SEARCH_USER_PATHS = NO;
				CLANG_ANALYZER_NONNULL = YES;
				CLANG_ANALYZER_NUMBER_OBJECT_CONVERSION = YES_AGGRESSIVE;
				CLANG_CXX_LANGUAGE_STANDARD = "gnu++14";
				CLANG_CXX_LIBRARY = "libc++";
				CLANG_ENABLE_MODULES = YES;
				CLANG_ENABLE_OBJC_ARC = YES;
				CLANG_ENABLE_OBJC_WEAK = YES;
				CLANG_WARN_BLOCK_CAPTURE_AUTORELEASING = YES;
				CLANG_WARN_BOOL_CONVERSION = YES;
				CLANG_WARN_COMMA = YES;
				CLANG_WARN_CONSTANT_CONVERSION = YES;
				CLANG_WARN_DEPRECATED_OBJC_IMPLEMENTATIONS = YES;
				CLANG_WARN_DIRECT_OBJC_ISA_USAGE = YES_ERROR;
				CLANG_WARN_DOCUMENTATION_COMMENTS = YES;
				CLANG_WARN_EMPTY_BODY = YES;
				CLANG_WARN_ENUM_CONVERSION = YES;
				CLANG_WARN_INFINITE_RECURSION = YES;
				CLANG_WARN_INT_CONVERSION = YES;
				CLANG_WARN_NON_LITERAL_NULL_CONVERSION = YES;
				CLANG_WARN_OBJC_IMPLICIT_RETAIN_SELF = YES;
				CLANG_WARN_OBJC_LITERAL_CONVERSION = YES;
				CLANG_WARN_OBJC_ROOT_CLASS = YES_ERROR;
				CLANG_WARN_QUOTED_INCLUDE_IN_FRAMEWORK_HEADER = YES;
				CLANG_WARN_RANGE_LOOP_ANALYSIS = YES;
				CLANG_WARN_STRICT_PROTOTYPES = YES;
				CLANG_WARN_SUSPICIOUS_MOVE = YES;
				CLANG_WARN_UNGUARDED_AVAILABILITY = YES_AGGRESSIVE;
				CLANG_WARN_UNREACHABLE_CODE = YES;
				CLANG_WARN__DUPLICATE_METHOD_MATCH = YES;
				COPY_PHASE_STRIP = NO;
				DEBUG_INFORMATION_FORMAT = dwarf;
				ENABLE_STRICT_OBJC_MSGSEND = YES;
				ENABLE_TESTABILITY = YES;
				GCC_C_LANGUAGE_STANDARD = gnu11;
				GCC_DYNAMIC_NO_PIC = NO;
				GCC_NO_COMMON_BLOCKS = YES;
				GCC_OPTIMIZATION_LEVEL = 0;
				GCC_PREPROCESSOR_DEFINITIONS = (
					"DEBUG=1",
					"$(inherited)",
				);
				GCC_WARN_64_TO_32_BIT_CONVERSION = YES;
				GCC_WARN_ABOUT_RETURN_TYPE = YES_ERROR;
				GCC_WARN_UNDECLARED_SELECTOR = YES;
				GCC_WARN_UNINITIALIZED_AUTOS = YES_AGGRESSIVE;
				GCC_WARN_UNUSED_FUNCTION = YES;
				GCC_WARN_UNUSED_VARIABLE = YES;
				IPHONEOS_DEPLOYMENT_TARGET = 14.5;
				MTL_ENABLE_DEBUG_INFO = INCLUDE_SOURCE;
				MTL_FAST_MATH = YES;
				ONLY_ACTIVE_ARCH = YES;
				SDKROOT = iphoneos;
				SWIFT_ACTIVE_COMPILATION_CONDITIONS = DEBUG;
				SWIFT_OPTIMIZATION_LEVEL = "-Onone";
			};
			name = Debug;
		};
		035F458126A74515003012D8 /* Release */ = {
			isa = XCBuildConfiguration;
			buildSettings = {
				ALWAYS_SEARCH_USER_PATHS = NO;
				CLANG_ANALYZER_NONNULL = YES;
				CLANG_ANALYZER_NUMBER_OBJECT_CONVERSION = YES_AGGRESSIVE;
				CLANG_CXX_LANGUAGE_STANDARD = "gnu++14";
				CLANG_CXX_LIBRARY = "libc++";
				CLANG_ENABLE_MODULES = YES;
				CLANG_ENABLE_OBJC_ARC = YES;
				CLANG_ENABLE_OBJC_WEAK = YES;
				CLANG_WARN_BLOCK_CAPTURE_AUTORELEASING = YES;
				CLANG_WARN_BOOL_CONVERSION = YES;
				CLANG_WARN_COMMA = YES;
				CLANG_WARN_CONSTANT_CONVERSION = YES;
				CLANG_WARN_DEPRECATED_OBJC_IMPLEMENTATIONS = YES;
				CLANG_WARN_DIRECT_OBJC_ISA_USAGE = YES_ERROR;
				CLANG_WARN_DOCUMENTATION_COMMENTS = YES;
				CLANG_WARN_EMPTY_BODY = YES;
				CLANG_WARN_ENUM_CONVERSION = YES;
				CLANG_WARN_INFINITE_RECURSION = YES;
				CLANG_WARN_INT_CONVERSION = YES;
				CLANG_WARN_NON_LITERAL_NULL_CONVERSION = YES;
				CLANG_WARN_OBJC_IMPLICIT_RETAIN_SELF = YES;
				CLANG_WARN_OBJC_LITERAL_CONVERSION = YES;
				CLANG_WARN_OBJC_ROOT_CLASS = YES_ERROR;
				CLANG_WARN_QUOTED_INCLUDE_IN_FRAMEWORK_HEADER = YES;
				CLANG_WARN_RANGE_LOOP_ANALYSIS = YES;
				CLANG_WARN_STRICT_PROTOTYPES = YES;
				CLANG_WARN_SUSPICIOUS_MOVE = YES;
				CLANG_WARN_UNGUARDED_AVAILABILITY = YES_AGGRESSIVE;
				CLANG_WARN_UNREACHABLE_CODE = YES;
				CLANG_WARN__DUPLICATE_METHOD_MATCH = YES;
				COPY_PHASE_STRIP = NO;
				DEBUG_INFORMATION_FORMAT = "dwarf-with-dsym";
				ENABLE_NS_ASSERTIONS = NO;
				ENABLE_STRICT_OBJC_MSGSEND = YES;
				GCC_C_LANGUAGE_STANDARD = gnu11;
				GCC_NO_COMMON_BLOCKS = YES;
				GCC_WARN_64_TO_32_BIT_CONVERSION = YES;
				GCC_WARN_ABOUT_RETURN_TYPE = YES_ERROR;
				GCC_WARN_UNDECLARED_SELECTOR = YES;
				GCC_WARN_UNINITIALIZED_AUTOS = YES_AGGRESSIVE;
				GCC_WARN_UNUSED_FUNCTION = YES;
				GCC_WARN_UNUSED_VARIABLE = YES;
				IPHONEOS_DEPLOYMENT_TARGET = 14.5;
				MTL_ENABLE_DEBUG_INFO = NO;
				MTL_FAST_MATH = YES;
				SDKROOT = iphoneos;
				SWIFT_COMPILATION_MODE = wholemodule;
				SWIFT_OPTIMIZATION_LEVEL = "-O";
				VALIDATE_PRODUCT = YES;
			};
			name = Release;
		};
		035F458326A74515003012D8 /* Debug */ = {
			isa = XCBuildConfiguration;
			buildSettings = {
				ASSETCATALOG_COMPILER_APPICON_NAME = AppIcon;
				ASSETCATALOG_COMPILER_GLOBAL_ACCENT_COLOR_NAME = AccentColor;
				CODE_SIGN_STYLE = Automatic;
				DEVELOPMENT_ASSET_PATHS = "\"HackerNews/Preview Content\"";
				DEVELOPMENT_TEAM = 9ZP865PY87;
				ENABLE_PREVIEWS = YES;
				INFOPLIST_FILE = HackerNews/Info.plist;
				LD_RUNPATH_SEARCH_PATHS = (
					"$(inherited)",
					"@executable_path/Frameworks",
				);
				PRODUCT_BUNDLE_IDENTIFIER = "Guilherme-Mendes.HackerNews";
				PRODUCT_NAME = "$(TARGET_NAME)";
				SWIFT_VERSION = 5.0;
				TARGETED_DEVICE_FAMILY = "1,2";
			};
			name = Debug;
		};
		035F458426A74515003012D8 /* Release */ = {
			isa = XCBuildConfiguration;
			buildSettings = {
				ASSETCATALOG_COMPILER_APPICON_NAME = AppIcon;
				ASSETCATALOG_COMPILER_GLOBAL_ACCENT_COLOR_NAME = AccentColor;
				CODE_SIGN_STYLE = Automatic;
				DEVELOPMENT_ASSET_PATHS = "\"HackerNews/Preview Content\"";
				DEVELOPMENT_TEAM = 9ZP865PY87;
				ENABLE_PREVIEWS = YES;
				INFOPLIST_FILE = HackerNews/Info.plist;
				LD_RUNPATH_SEARCH_PATHS = (
					"$(inherited)",
					"@executable_path/Frameworks",
				);
				PRODUCT_BUNDLE_IDENTIFIER = "Guilherme-Mendes.HackerNews";
				PRODUCT_NAME = "$(TARGET_NAME)";
				SWIFT_VERSION = 5.0;
				TARGETED_DEVICE_FAMILY = "1,2";
			};
			name = Release;
		};
/* End XCBuildConfiguration section */

/* Begin XCConfigurationList section */
		035F456926A74514003012D8 /* Build configuration list for PBXProject "HackerNews" */ = {
			isa = XCConfigurationList;
			buildConfigurations = (
				035F458026A74515003012D8 /* Debug */,
				035F458126A74515003012D8 /* Release */,
			);
			defaultConfigurationIsVisible = 0;
			defaultConfigurationName = Release;
		};
		035F458226A74515003012D8 /* Build configuration list for PBXNativeTarget "HackerNews" */ = {
			isa = XCConfigurationList;
			buildConfigurations = (
				035F458326A74515003012D8 /* Debug */,
				035F458426A74515003012D8 /* Release */,
			);
			defaultConfigurationIsVisible = 0;
			defaultConfigurationName = Release;
		};
/* End XCConfigurationList section */
	};
	rootObject = 035F456626A74514003012D8 /* Project object */;
}
