// !$*UTF8*$!
{
	archiveVersion = 1;
	classes = {
	};
	objectVersion = 50;
	objects = {

/* Begin PBXBuildFile section */
		030DF58D26A739FA00C36310 /* AppDelegate.swift in Sources */ = {isa = PBXBuildFile; fileRef = 030DF58C26A739FA00C36310 /* AppDelegate.swift */; };
		030DF58F26A739FA00C36310 /* SceneDelegate.swift in Sources */ = {isa = PBXBuildFile; fileRef = 030DF58E26A739FA00C36310 /* SceneDelegate.swift */; };
		030DF59126A739FA00C36310 /* ContentView.swift in Sources */ = {isa = PBXBuildFile; fileRef = 030DF59026A739FA00C36310 /* ContentView.swift */; };
		030DF59326A739FB00C36310 /* Assets.xcassets in Resources */ = {isa = PBXBuildFile; fileRef = 030DF59226A739FB00C36310 /* Assets.xcassets */; };
		030DF59626A739FB00C36310 /* Preview Assets.xcassets in Resources */ = {isa = PBXBuildFile; fileRef = 030DF59526A739FB00C36310 /* Preview Assets.xcassets */; };
		030DF59926A739FB00C36310 /* LaunchScreen.storyboard in Resources */ = {isa = PBXBuildFile; fileRef = 030DF59726A739FB00C36310 /* LaunchScreen.storyboard */; };
		030DF5A226A73CFF00C36310 /* Models.swift in Sources */ = {isa = PBXBuildFile; fileRef = 030DF5A126A73CFF00C36310 /* Models.swift */; };
/* End PBXBuildFile section */

/* Begin PBXFileReference section */
		030DF58926A739FA00C36310 /* Podcast Player.app */ = {isa = PBXFileReference; explicitFileType = wrapper.application; includeInIndex = 0; path = "Podcast Player.app"; sourceTree = BUILT_PRODUCTS_DIR; };
		030DF58C26A739FA00C36310 /* AppDelegate.swift */ = {isa = PBXFileReference; lastKnownFileType = sourcecode.swift; path = AppDelegate.swift; sourceTree = "<group>"; };
		030DF58E26A739FA00C36310 /* SceneDelegate.swift */ = {isa = PBXFileReference; lastKnownFileType = sourcecode.swift; path = SceneDelegate.swift; sourceTree = "<group>"; };
		030DF59026A739FA00C36310 /* ContentView.swift */ = {isa = PBXFileReference; lastKnownFileType = sourcecode.swift; path = ContentView.swift; sourceTree = "<group>"; };
		030DF59226A739FB00C36310 /* Assets.xcassets */ = {isa = PBXFileReference; lastKnownFileType = folder.assetcatalog; path = Assets.xcassets; sourceTree = "<group>"; };
		030DF59526A739FB00C36310 /* Preview Assets.xcassets */ = {isa = PBXFileReference; lastKnownFileType = folder.assetcatalog; path = "Preview Assets.xcassets"; sourceTree = "<group>"; };
		030DF59826A739FB00C36310 /* Base */ = {isa = PBXFileReference; lastKnownFileType = file.storyboard; name = Base; path = Base.lproj/LaunchScreen.storyboard; sourceTree = "<group>"; };
		030DF59A26A739FB00C36310 /* Info.plist */ = {isa = PBXFileReference; lastKnownFileType = text.plist.xml; path = Info.plist; sourceTree = "<group>"; };
		030DF5A126A73CFF00C36310 /* Models.swift */ = {isa = PBXFileReference; lastKnownFileType = sourcecode.swift; path = Models.swift; sourceTree = "<group>"; };
/* End PBXFileReference section */

/* Begin PBXFrameworksBuildPhase section */
		030DF58626A739FA00C36310 /* Frameworks */ = {
			isa = PBXFrameworksBuildPhase;
			buildActionMask = 2147483647;
			files = (
			);
			runOnlyForDeploymentPostprocessing = 0;
		};
/* End PBXFrameworksBuildPhase section */

/* Begin PBXGroup section */
		030DF58026A739FA00C36310 = {
			isa = PBXGroup;
			children = (
				030DF58B26A739FA00C36310 /* Podcast Player */,
				030DF58A26A739FA00C36310 /* Products */,
			);
			sourceTree = "<group>";
		};
		030DF58A26A739FA00C36310 /* Products */ = {
			isa = PBXGroup;
			children = (
				030DF58926A739FA00C36310 /* Podcast Player.app */,
			);
			name = Products;
			sourceTree = "<group>";
		};
		030DF58B26A739FA00C36310 /* Podcast Player */ = {
			isa = PBXGroup;
			children = (
				030DF5A026A73CF500C36310 /* Models */,
				030DF58C26A739FA00C36310 /* AppDelegate.swift */,
				030DF58E26A739FA00C36310 /* SceneDelegate.swift */,
				030DF59026A739FA00C36310 /* ContentView.swift */,
				030DF59226A739FB00C36310 /* Assets.xcassets */,
				030DF59726A739FB00C36310 /* LaunchScreen.storyboard */,
				030DF59A26A739FB00C36310 /* Info.plist */,
				030DF59426A739FB00C36310 /* Preview Content */,
			);
			path = "Podcast Player";
			sourceTree = "<group>";
		};
		030DF59426A739FB00C36310 /* Preview Content */ = {
			isa = PBXGroup;
			children = (
				030DF59526A739FB00C36310 /* Preview Assets.xcassets */,
			);
			path = "Preview Content";
			sourceTree = "<group>";
		};
		030DF5A026A73CF500C36310 /* Models */ = {
			isa = PBXGroup;
			children = (
				030DF5A126A73CFF00C36310 /* Models.swift */,
			);
			path = Models;
			sourceTree = "<group>";
		};
/* End PBXGroup section */

/* Begin PBXNativeTarget section */
		030DF58826A739FA00C36310 /* Podcast Player */ = {
			isa = PBXNativeTarget;
			buildConfigurationList = 030DF59D26A739FB00C36310 /* Build configuration list for PBXNativeTarget "Podcast Player" */;
			buildPhases = (
				030DF58526A739FA00C36310 /* Sources */,
				030DF58626A739FA00C36310 /* Frameworks */,
				030DF58726A739FA00C36310 /* Resources */,
			);
			buildRules = (
			);
			dependencies = (
			);
			name = "Podcast Player";
			productName = "Podcast Player";
			productReference = 030DF58926A739FA00C36310 /* Podcast Player.app */;
			productType = "com.apple.product-type.application";
		};
/* End PBXNativeTarget section */

/* Begin PBXProject section */
		030DF58126A739FA00C36310 /* Project object */ = {
			isa = PBXProject;
			attributes = {
				LastSwiftUpdateCheck = 1250;
				LastUpgradeCheck = 1250;
				TargetAttributes = {
					030DF58826A739FA00C36310 = {
						CreatedOnToolsVersion = 12.5.1;
					};
				};
			};
			buildConfigurationList = 030DF58426A739FA00C36310 /* Build configuration list for PBXProject "Podcast Player" */;
			compatibilityVersion = "Xcode 9.3";
			developmentRegion = en;
			hasScannedForEncodings = 0;
			knownRegions = (
				en,
				Base,
			);
			mainGroup = 030DF58026A739FA00C36310;
			productRefGroup = 030DF58A26A739FA00C36310 /* Products */;
			projectDirPath = "";
			projectRoot = "";
			targets = (
				030DF58826A739FA00C36310 /* Podcast Player */,
			);
		};
/* End PBXProject section */

/* Begin PBXResourcesBuildPhase section */
		030DF58726A739FA00C36310 /* Resources */ = {
			isa = PBXResourcesBuildPhase;
			buildActionMask = 2147483647;
			files = (
				030DF59926A739FB00C36310 /* LaunchScreen.storyboard in Resources */,
				030DF59626A739FB00C36310 /* Preview Assets.xcassets in Resources */,
				030DF59326A739FB00C36310 /* Assets.xcassets in Resources */,
			);
			runOnlyForDeploymentPostprocessing = 0;
		};
/* End PBXResourcesBuildPhase section */

/* Begin PBXSourcesBuildPhase section */
		030DF58526A739FA00C36310 /* Sources */ = {
			isa = PBXSourcesBuildPhase;
			buildActionMask = 2147483647;
			files = (
				030DF58D26A739FA00C36310 /* AppDelegate.swift in Sources */,
				030DF58F26A739FA00C36310 /* SceneDelegate.swift in Sources */,
				030DF59126A739FA00C36310 /* ContentView.swift in Sources */,
				030DF5A226A73CFF00C36310 /* Models.swift in Sources */,
			);
			runOnlyForDeploymentPostprocessing = 0;
		};
/* End PBXSourcesBuildPhase section */

/* Begin PBXVariantGroup section */
		030DF59726A739FB00C36310 /* LaunchScreen.storyboard */ = {
			isa = PBXVariantGroup;
			children = (
				030DF59826A739FB00C36310 /* Base */,
			);
			name = LaunchScreen.storyboard;
			sourceTree = "<group>";
		};
/* End PBXVariantGroup section */

/* Begin XCBuildConfiguration section */
		030DF59B26A739FB00C36310 /* Debug */ = {
			isa = XCBuildConfiguration;
			buildSettings = {
				ALWAYS_SEARCH_USER_PATHS = NO;
				CLANG_ANALYZER_NONNULL = YES;
				CLANG_ANALYZER_NUMBER_OBJECT_CONVERSION = YES_AGGRESSIVE;
				CLANG_CXX_LANGUAGE_STANDARD = "gnu++14";
				CLANG_CXX_LIBRARY = "libc++";
				CLANG_ENABLE_MODULES = YES;
				CLANG_ENABLE_OBJC_ARC = YES;
				CLANG_ENABLE_OBJC_WEAK = YES;
				CLANG_WARN_BLOCK_CAPTURE_AUTORELEASING = YES;
				CLANG_WARN_BOOL_CONVERSION = YES;
				CLANG_WARN_COMMA = YES;
				CLANG_WARN_CONSTANT_CONVERSION = YES;
				CLANG_WARN_DEPRECATED_OBJC_IMPLEMENTATIONS = YES;
				CLANG_WARN_DIRECT_OBJC_ISA_USAGE = YES_ERROR;
				CLANG_WARN_DOCUMENTATION_COMMENTS = YES;
				CLANG_WARN_EMPTY_BODY = YES;
				CLANG_WARN_ENUM_CONVERSION = YES;
				CLANG_WARN_INFINITE_RECURSION = YES;
				CLANG_WARN_INT_CONVERSION = YES;
				CLANG_WARN_NON_LITERAL_NULL_CONVERSION = YES;
				CLANG_WARN_OBJC_IMPLICIT_RETAIN_SELF = YES;
				CLANG_WARN_OBJC_LITERAL_CONVERSION = YES;
				CLANG_WARN_OBJC_ROOT_CLASS = YES_ERROR;
				CLANG_WARN_QUOTED_INCLUDE_IN_FRAMEWORK_HEADER = YES;
				CLANG_WARN_RANGE_LOOP_ANALYSIS = YES;
				CLANG_WARN_STRICT_PROTOTYPES = YES;
				CLANG_WARN_SUSPICIOUS_MOVE = YES;
				CLANG_WARN_UNGUARDED_AVAILABILITY = YES_AGGRESSIVE;
				CLANG_WARN_UNREACHABLE_CODE = YES;
				CLANG_WARN__DUPLICATE_METHOD_MATCH = YES;
				COPY_PHASE_STRIP = NO;
				DEBUG_INFORMATION_FORMAT = dwarf;
				ENABLE_STRICT_OBJC_MSGSEND = YES;
				ENABLE_TESTABILITY = YES;
				GCC_C_LANGUAGE_STANDARD = gnu11;
				GCC_DYNAMIC_NO_PIC = NO;
				GCC_NO_COMMON_BLOCKS = YES;
				GCC_OPTIMIZATION_LEVEL = 0;
				GCC_PREPROCESSOR_DEFINITIONS = (
					"DEBUG=1",
					"$(inherited)",
				);
				GCC_WARN_64_TO_32_BIT_CONVERSION = YES;
				GCC_WARN_ABOUT_RETURN_TYPE = YES_ERROR;
				GCC_WARN_UNDECLARED_SELECTOR = YES;
				GCC_WARN_UNINITIALIZED_AUTOS = YES_AGGRESSIVE;
				GCC_WARN_UNUSED_FUNCTION = YES;
				GCC_WARN_UNUSED_VARIABLE = YES;
				IPHONEOS_DEPLOYMENT_TARGET = 14.5;
				MTL_ENABLE_DEBUG_INFO = INCLUDE_SOURCE;
				MTL_FAST_MATH = YES;
				ONLY_ACTIVE_ARCH = YES;
				SDKROOT = iphoneos;
				SWIFT_ACTIVE_COMPILATION_CONDITIONS = DEBUG;
				SWIFT_OPTIMIZATION_LEVEL = "-Onone";
			};
			name = Debug;
		};
		030DF59C26A739FB00C36310 /* Release */ = {
			isa = XCBuildConfiguration;
			buildSettings = {
				ALWAYS_SEARCH_USER_PATHS = NO;
				CLANG_ANALYZER_NONNULL = YES;
				CLANG_ANALYZER_NUMBER_OBJECT_CONVERSION = YES_AGGRESSIVE;
				CLANG_CXX_LANGUAGE_STANDARD = "gnu++14";
				CLANG_CXX_LIBRARY = "libc++";
				CLANG_ENABLE_MODULES = YES;
				CLANG_ENABLE_OBJC_ARC = YES;
				CLANG_ENABLE_OBJC_WEAK = YES;
				CLANG_WARN_BLOCK_CAPTURE_AUTORELEASING = YES;
				CLANG_WARN_BOOL_CONVERSION = YES;
				CLANG_WARN_COMMA = YES;
				CLANG_WARN_CONSTANT_CONVERSION = YES;
				CLANG_WARN_DEPRECATED_OBJC_IMPLEMENTATIONS = YES;
				CLANG_WARN_DIRECT_OBJC_ISA_USAGE = YES_ERROR;
				CLANG_WARN_DOCUMENTATION_COMMENTS = YES;
				CLANG_WARN_EMPTY_BODY = YES;
				CLANG_WARN_ENUM_CONVERSION = YES;
				CLANG_WARN_INFINITE_RECURSION = YES;
				CLANG_WARN_INT_CONVERSION = YES;
				CLANG_WARN_NON_LITERAL_NULL_CONVERSION = YES;
				CLANG_WARN_OBJC_IMPLICIT_RETAIN_SELF = YES;
				CLANG_WARN_OBJC_LITERAL_CONVERSION = YES;
				CLANG_WARN_OBJC_ROOT_CLASS = YES_ERROR;
				CLANG_WARN_QUOTED_INCLUDE_IN_FRAMEWORK_HEADER = YES;
				CLANG_WARN_RANGE_LOOP_ANALYSIS = YES;
				CLANG_WARN_STRICT_PROTOTYPES = YES;
				CLANG_WARN_SUSPICIOUS_MOVE = YES;
				CLANG_WARN_UNGUARDED_AVAILABILITY = YES_AGGRESSIVE;
				CLANG_WARN_UNREACHABLE_CODE = YES;
				CLANG_WARN__DUPLICATE_METHOD_MATCH = YES;
				COPY_PHASE_STRIP = NO;
				DEBUG_INFORMATION_FORMAT = "dwarf-with-dsym";
				ENABLE_NS_ASSERTIONS = NO;
				ENABLE_STRICT_OBJC_MSGSEND = YES;
				GCC_C_LANGUAGE_STANDARD = gnu11;
				GCC_NO_COMMON_BLOCKS = YES;
				GCC_WARN_64_TO_32_BIT_CONVERSION = YES;
				GCC_WARN_ABOUT_RETURN_TYPE = YES_ERROR;
				GCC_WARN_UNDECLARED_SELECTOR = YES;
				GCC_WARN_UNINITIALIZED_AUTOS = YES_AGGRESSIVE;
				GCC_WARN_UNUSED_FUNCTION = YES;
				GCC_WARN_UNUSED_VARIABLE = YES;
				IPHONEOS_DEPLOYMENT_TARGET = 14.5;
				MTL_ENABLE_DEBUG_INFO = NO;
				MTL_FAST_MATH = YES;
				SDKROOT = iphoneos;
				SWIFT_COMPILATION_MODE = wholemodule;
				SWIFT_OPTIMIZATION_LEVEL = "-O";
				VALIDATE_PRODUCT = YES;
			};
			name = Release;
		};
		030DF59E26A739FB00C36310 /* Debug */ = {
			isa = XCBuildConfiguration;
			buildSettings = {
				ASSETCATALOG_COMPILER_APPICON_NAME = AppIcon;
				ASSETCATALOG_COMPILER_GLOBAL_ACCENT_COLOR_NAME = AccentColor;
				CODE_SIGN_STYLE = Automatic;
				DEVELOPMENT_ASSET_PATHS = "\"Podcast Player/Preview Content\"";
				DEVELOPMENT_TEAM = 9ZP865PY87;
				ENABLE_PREVIEWS = YES;
				INFOPLIST_FILE = "Podcast Player/Info.plist";
				LD_RUNPATH_SEARCH_PATHS = (
					"$(inherited)",
					"@executable_path/Frameworks",
				);
				PRODUCT_BUNDLE_IDENTIFIER = "Guilherme-Mendes.Podcast-Player";
				PRODUCT_NAME = "$(TARGET_NAME)";
				SWIFT_VERSION = 5.0;
				TARGETED_DEVICE_FAMILY = "1,2";
			};
			name = Debug;
		};
		030DF59F26A739FB00C36310 /* Release */ = {
			isa = XCBuildConfiguration;
			buildSettings = {
				ASSETCATALOG_COMPILER_APPICON_NAME = AppIcon;
				ASSETCATALOG_COMPILER_GLOBAL_ACCENT_COLOR_NAME = AccentColor;
				CODE_SIGN_STYLE = Automatic;
				DEVELOPMENT_ASSET_PATHS = "\"Podcast Player/Preview Content\"";
				DEVELOPMENT_TEAM = 9ZP865PY87;
				ENABLE_PREVIEWS = YES;
				INFOPLIST_FILE = "Podcast Player/Info.plist";
				LD_RUNPATH_SEARCH_PATHS = (
					"$(inherited)",
					"@executable_path/Frameworks",
				);
				PRODUCT_BUNDLE_IDENTIFIER = "Guilherme-Mendes.Podcast-Player";
				PRODUCT_NAME = "$(TARGET_NAME)";
				SWIFT_VERSION = 5.0;
				TARGETED_DEVICE_FAMILY = "1,2";
			};
			name = Release;
		};
/* End XCBuildConfiguration section */

/* Begin XCConfigurationList section */
		030DF58426A739FA00C36310 /* Build configuration list for PBXProject "Podcast Player" */ = {
			isa = XCConfigurationList;
			buildConfigurations = (
				030DF59B26A739FB00C36310 /* Debug */,
				030DF59C26A739FB00C36310 /* Release */,
			);
			defaultConfigurationIsVisible = 0;
			defaultConfigurationName = Release;
		};
		030DF59D26A739FB00C36310 /* Build configuration list for PBXNativeTarget "Podcast Player" */ = {
			isa = XCConfigurationList;
			buildConfigurations = (
				030DF59E26A739FB00C36310 /* Debug */,
				030DF59F26A739FB00C36310 /* Release */,
			);
			defaultConfigurationIsVisible = 0;
			defaultConfigurationName = Release;
		};
/* End XCConfigurationList section */
	};
	rootObject = 030DF58126A739FA00C36310 /* Project object */;
}
